
Microsoft Visual Studio Solution File, Format Version 12.00
# Visual Studio Version 17
VisualStudioVersion = 17.0.31903.59
MinimumVisualStudioVersion = 10.0.40219.1
Project("{FAE04EC0-301F-11D3-BF4B-00C04F79EFBC}") = "DevineLeNombre", "DevineLeNombre\DevineLeNombre.csproj", "{DC2CC8A5-6C9F-4333-A624-357A78CB189A}"
EndProject
Project("{FAE04EC0-301F-11D3-BF4B-00C04F79EFBC}") = "DevineLeNombre.Unitests", "DevineLeNombre.Unitests\DevineLeNombre.Unitests.csproj", "{A6879178-7650-4E35-A135-7FD1CA523207}"
EndProject
Global
	GlobalSection(SolutionConfigurationPlatforms) = preSolution
		Debug|Any CPU = Debug|Any CPU
		Release|Any CPU = Release|Any CPU
	EndGlobalSection
	GlobalSection(ProjectConfigurationPlatforms) = postSolution
		{DC2CC8A5-6C9F-4333-A624-357A78CB189A}.Debug|Any CPU.ActiveCfg = Debug|Any CPU
		{DC2CC8A5-6C9F-4333-A624-357A78CB189A}.Debug|Any CPU.Build.0 = Debug|Any CPU
		{DC2CC8A5-6C9F-4333-A624-357A78CB189A}.Release|Any CPU.ActiveCfg = Release|Any CPU
		{DC2CC8A5-6C9F-4333-A624-357A78CB189A}.Release|Any CPU.Build.0 = Release|Any CPU
		{A6879178-7650-4E35-A135-7FD1CA523207}.Debug|Any CPU.ActiveCfg = Debug|Any CPU
		{A6879178-7650-4E35-A135-7FD1CA523207}.Debug|Any CPU.Build.0 = Debug|Any CPU
		{A6879178-7650-4E35-A135-7FD1CA523207}.Release|Any CPU.ActiveCfg = Release|Any CPU
		{A6879178-7650-4E35-A135-7FD1CA523207}.Release|Any CPU.Build.0 = Release|Any CPU
	EndGlobalSection
	GlobalSection(SolutionProperties) = preSolution
		HideSolutionNode = FALSE
	EndGlobalSection
	GlobalSection(ExtensibilityGlobals) = postSolution
		SolutionGuid = {36BA15CA-4BE2-4533-805D-82B65C7E5543}
	EndGlobalSection
EndGlobal
